{
  "name": "LMS",
  "lockfileVersion": 3,
  "requires": true,
  "packages": {
    "": {
      "dependencies": {
        "typescript": "^5.2.2"
      },
      "devDependencies": {
        "@types/ejs": "^3.1.4"
      }
    },
    "node_modules/@types/ejs": {
      "version": "3.1.4",
      "resolved": "https://registry.npmjs.org/@types/ejs/-/ejs-3.1.4.tgz",
      "integrity": "sha512-fnM/NjByiWdSRJRrmGxgqOSAnmOnsvX1QcNYk5TVyIIj+7ZqOKMb9gQa4OIl/lil2w/8TiTWV+nz3q8yqxez/w==",
      "dev": true
    },
    "node_modules/typescript": {
      "version": "5.2.2",
      "resolved": "https://registry.npmjs.org/typescript/-/typescript-5.2.2.tgz",
      "integrity": "sha512-mI4WrpHsbCIcwT9cF4FZvr80QUeKvsUsUvKDoR+X/7XHQH98xYD8YHZg7ANtz2GtZt/CBq2QJ0thkGJMHfqc1w==",
      "bin": {
        "tsc": "bin/tsc",
        "tsserver": "bin/tsserver"
      },
      "engines": {
        "node": ">=14.17"
      }
    }
  }
}
